
Microsoft Visual Studio Solution File, Format Version 12.00
# Visual Studio Version 17
VisualStudioVersion = 17.9.34607.119
MinimumVisualStudioVersion = 10.0.40219.1
Project("{FAE04EC0-301F-11D3-BF4B-00C04F79EFBC}") = "Animal extinction", "Animal extinction\Animal extinction.csproj", "{04086819-E672-4A3A-931F-EE70A7E0E368}"
EndProject
Global
	GlobalSection(SolutionConfigurationPlatforms) = preSolution
		Debug|Any CPU = Debug|Any CPU
		Release|Any CPU = Release|Any CPU
	EndGlobalSection
	GlobalSection(ProjectConfigurationPlatforms) = postSolution
		{04086819-E672-4A3A-931F-EE70A7E0E368}.Debug|Any CPU.ActiveCfg = Debug|Any CPU
		{04086819-E672-4A3A-931F-EE70A7E0E368}.Debug|Any CPU.Build.0 = Debug|Any CPU
		{04086819-E672-4A3A-931F-EE70A7E0E368}.Release|Any CPU.ActiveCfg = Release|Any CPU
		{04086819-E672-4A3A-931F-EE70A7E0E368}.Release|Any CPU.Build.0 = Release|Any CPU
	EndGlobalSection
	GlobalSection(SolutionProperties) = preSolution
		HideSolutionNode = FALSE
	EndGlobalSection
	GlobalSection(ExtensibilityGlobals) = postSolution
		SolutionGuid = {86724B3F-EBA6-43C9-9DC1-A4FE4282B9A4}
	EndGlobalSection
EndGlobal
